
Microsoft Visual Studio Solution File, Format Version 12.00
# Visual Studio 15
VisualStudioVersion = 15.0.28307.329
MinimumVisualStudioVersion = 10.0.40219.1
Project("{8BC9CEB8-8B4A-11D0-8D11-00A0C91BC942}") = "car", "car\car.vcxproj", "{D6EEDB16-35DC-4844-A6B8-6F1A54AFB4A2}"
EndProject
Global
	GlobalSection(SolutionConfigurationPlatforms) = preSolution
		Debug|x64 = Debug|x64
		Debug|x86 = Debug|x86
		Release|x64 = Release|x64
		Release|x86 = Release|x86
	EndGlobalSection
	GlobalSection(ProjectConfigurationPlatforms) = postSolution
		{D6EEDB16-35DC-4844-A6B8-6F1A54AFB4A2}.Debug|x64.ActiveCfg = Debug|x64
		{D6EEDB16-35DC-4844-A6B8-6F1A54AFB4A2}.Debug|x64.Build.0 = Debug|x64
		{D6EEDB16-35DC-4844-A6B8-6F1A54AFB4A2}.Debug|x86.ActiveCfg = Debug|Win32
		{D6EEDB16-35DC-4844-A6B8-6F1A54AFB4A2}.Debug|x86.Build.0 = Debug|Win32
		{D6EEDB16-35DC-4844-A6B8-6F1A54AFB4A2}.Release|x64.ActiveCfg = Release|x64
		{D6EEDB16-35DC-4844-A6B8-6F1A54AFB4A2}.Release|x64.Build.0 = Release|x64
		{D6EEDB16-35DC-4844-A6B8-6F1A54AFB4A2}.Release|x86.ActiveCfg = Release|Win32
		{D6EEDB16-35DC-4844-A6B8-6F1A54AFB4A2}.Release|x86.Build.0 = Release|Win32
	EndGlobalSection
	GlobalSection(SolutionProperties) = preSolution
		HideSolutionNode = FALSE
	EndGlobalSection
	GlobalSection(ExtensibilityGlobals) = postSolution
		SolutionGuid = {E23E7B70-1DC1-4F94-9239-7D8BF9CA7DB0}
	EndGlobalSection
EndGlobal
