
Microsoft Visual Studio Solution File, Format Version 12.00
# Visual Studio 15
VisualStudioVersion = 15.0.27130.2027
MinimumVisualStudioVersion = 10.0.40219.1
Project("{8BC9CEB8-8B4A-11D0-8D11-00A0C91BC942}") = "task_1", "task_1\task_1.vcxproj", "{39CEE7A5-73F3-4FD1-B07E-665DA78D9565}"
EndProject
Project("{8BC9CEB8-8B4A-11D0-8D11-00A0C91BC942}") = "task_2", "task_2\task_2.vcxproj", "{5E26DC17-A1FE-48AE-8B2A-BB15FED815EB}"
EndProject
Project("{8BC9CEB8-8B4A-11D0-8D11-00A0C91BC942}") = "task_3", "task_3\task_3.vcxproj", "{8A9E4AF1-4894-4E3B-9460-1EB3425EA43C}"
EndProject
Project("{8BC9CEB8-8B4A-11D0-8D11-00A0C91BC942}") = "task_4", "task_4\task_4.vcxproj", "{65346269-8B69-4600-A7F7-23733EDC28A4}"
EndProject
Global
	GlobalSection(SolutionConfigurationPlatforms) = preSolution
		Debug|x64 = Debug|x64
		Debug|x86 = Debug|x86
		Release|x64 = Release|x64
		Release|x86 = Release|x86
	EndGlobalSection
	GlobalSection(ProjectConfigurationPlatforms) = postSolution
		{39CEE7A5-73F3-4FD1-B07E-665DA78D9565}.Debug|x64.ActiveCfg = Debug|x64
		{39CEE7A5-73F3-4FD1-B07E-665DA78D9565}.Debug|x64.Build.0 = Debug|x64
		{39CEE7A5-73F3-4FD1-B07E-665DA78D9565}.Debug|x86.ActiveCfg = Debug|Win32
		{39CEE7A5-73F3-4FD1-B07E-665DA78D9565}.Debug|x86.Build.0 = Debug|Win32
		{39CEE7A5-73F3-4FD1-B07E-665DA78D9565}.Release|x64.ActiveCfg = Release|x64
		{39CEE7A5-73F3-4FD1-B07E-665DA78D9565}.Release|x64.Build.0 = Release|x64
		{39CEE7A5-73F3-4FD1-B07E-665DA78D9565}.Release|x86.ActiveCfg = Release|Win32
		{39CEE7A5-73F3-4FD1-B07E-665DA78D9565}.Release|x86.Build.0 = Release|Win32
		{5E26DC17-A1FE-48AE-8B2A-BB15FED815EB}.Debug|x64.ActiveCfg = Debug|x64
		{5E26DC17-A1FE-48AE-8B2A-BB15FED815EB}.Debug|x64.Build.0 = Debug|x64
		{5E26DC17-A1FE-48AE-8B2A-BB15FED815EB}.Debug|x86.ActiveCfg = Debug|Win32
		{5E26DC17-A1FE-48AE-8B2A-BB15FED815EB}.Debug|x86.Build.0 = Debug|Win32
		{5E26DC17-A1FE-48AE-8B2A-BB15FED815EB}.Release|x64.ActiveCfg = Release|x64
		{5E26DC17-A1FE-48AE-8B2A-BB15FED815EB}.Release|x64.Build.0 = Release|x64
		{5E26DC17-A1FE-48AE-8B2A-BB15FED815EB}.Release|x86.ActiveCfg = Release|Win32
		{5E26DC17-A1FE-48AE-8B2A-BB15FED815EB}.Release|x86.Build.0 = Release|Win32
		{8A9E4AF1-4894-4E3B-9460-1EB3425EA43C}.Debug|x64.ActiveCfg = Debug|x64
		{8A9E4AF1-4894-4E3B-9460-1EB3425EA43C}.Debug|x64.Build.0 = Debug|x64
		{8A9E4AF1-4894-4E3B-9460-1EB3425EA43C}.Debug|x86.ActiveCfg = Debug|Win32
		{8A9E4AF1-4894-4E3B-9460-1EB3425EA43C}.Debug|x86.Build.0 = Debug|Win32
		{8A9E4AF1-4894-4E3B-9460-1EB3425EA43C}.Release|x64.ActiveCfg = Release|x64
		{8A9E4AF1-4894-4E3B-9460-1EB3425EA43C}.Release|x64.Build.0 = Release|x64
		{8A9E4AF1-4894-4E3B-9460-1EB3425EA43C}.Release|x86.ActiveCfg = Release|Win32
		{8A9E4AF1-4894-4E3B-9460-1EB3425EA43C}.Release|x86.Build.0 = Release|Win32
		{65346269-8B69-4600-A7F7-23733EDC28A4}.Debug|x64.ActiveCfg = Debug|x64
		{65346269-8B69-4600-A7F7-23733EDC28A4}.Debug|x64.Build.0 = Debug|x64
		{65346269-8B69-4600-A7F7-23733EDC28A4}.Debug|x86.ActiveCfg = Debug|Win32
		{65346269-8B69-4600-A7F7-23733EDC28A4}.Debug|x86.Build.0 = Debug|Win32
		{65346269-8B69-4600-A7F7-23733EDC28A4}.Release|x64.ActiveCfg = Release|x64
		{65346269-8B69-4600-A7F7-23733EDC28A4}.Release|x64.Build.0 = Release|x64
		{65346269-8B69-4600-A7F7-23733EDC28A4}.Release|x86.ActiveCfg = Release|Win32
		{65346269-8B69-4600-A7F7-23733EDC28A4}.Release|x86.Build.0 = Release|Win32
	EndGlobalSection
	GlobalSection(SolutionProperties) = preSolution
		HideSolutionNode = FALSE
	EndGlobalSection
	GlobalSection(ExtensibilityGlobals) = postSolution
		SolutionGuid = {16266991-8867-4B2A-B300-651476EECA7A}
	EndGlobalSection
EndGlobal
