
Microsoft Visual Studio Solution File, Format Version 12.00
# Visual Studio 15
VisualStudioVersion = 15.0.28307.329
MinimumVisualStudioVersion = 10.0.40219.1
Project("{8BC9CEB8-8B4A-11D0-8D11-00A0C91BC942}") = "process_vector", "process_vector\process_vector.vcxproj", "{0C8EB8E4-BA53-47A0-886C-192609538EA0}"
EndProject
Project("{8BC9CEB8-8B4A-11D0-8D11-00A0C91BC942}") = "process_vector_test", "process_vector_test\process_vector_test.vcxproj", "{676D4E66-D859-45ED-8449-C37C4D0A86B8}"
EndProject
Project("{2150E333-8FDC-42A3-9474-1A3956D46DE8}") = "Solution Items", "Solution Items", "{5C5B5C8D-4CE9-4058-A97E-D275EBA8A94C}"
	ProjectSection(SolutionItems) = preProject
		.clang-format = .clang-format
	EndProjectSection
EndProject
Project("{8BC9CEB8-8B4A-11D0-8D11-00A0C91BC942}") = "html_decode", "html_decode\html_decode.vcxproj", "{B6487241-310E-46F8-BD2A-BE9EEAC79F77}"
EndProject
Project("{8BC9CEB8-8B4A-11D0-8D11-00A0C91BC942}") = "html_decode_test", "html_decode_test\html_decode_test.vcxproj", "{F0B92569-EFD5-4519-96F6-8C491ADB6EAE}"
EndProject
Project("{8BC9CEB8-8B4A-11D0-8D11-00A0C91BC942}") = "dictionary", "dictionary\dictionary.vcxproj", "{73C1F5D7-B0BD-4F8B-BB68-4B0AB3B68C4A}"
EndProject
Project("{8BC9CEB8-8B4A-11D0-8D11-00A0C91BC942}") = "dictionaty_test", "dictionaty_test\dictionaty_test.vcxproj", "{0895EE9B-2B77-48F1-BA83-0899DB17F752}"
EndProject
Project("{8BC9CEB8-8B4A-11D0-8D11-00A0C91BC942}") = "prime", "prime\prime.vcxproj", "{98079FAA-41A2-4A55-8BD1-9ED4DFEE3D52}"
EndProject
Project("{8BC9CEB8-8B4A-11D0-8D11-00A0C91BC942}") = "prime_test", "prime_test\prime_test.vcxproj", "{73E29D28-E0DF-43F6-81A6-96BC18EBE238}"
EndProject
Project("{8BC9CEB8-8B4A-11D0-8D11-00A0C91BC942}") = "temp", "temp\temp.vcxproj", "{1EB63C0F-0714-45B0-ABD1-9D59ABF006FB}"
EndProject
Global
	GlobalSection(SolutionConfigurationPlatforms) = preSolution
		Debug|x64 = Debug|x64
		Debug|x86 = Debug|x86
		Release|x64 = Release|x64
		Release|x86 = Release|x86
	EndGlobalSection
	GlobalSection(ProjectConfigurationPlatforms) = postSolution
		{0C8EB8E4-BA53-47A0-886C-192609538EA0}.Debug|x64.ActiveCfg = Debug|x64
		{0C8EB8E4-BA53-47A0-886C-192609538EA0}.Debug|x64.Build.0 = Debug|x64
		{0C8EB8E4-BA53-47A0-886C-192609538EA0}.Debug|x86.ActiveCfg = Debug|Win32
		{0C8EB8E4-BA53-47A0-886C-192609538EA0}.Debug|x86.Build.0 = Debug|Win32
		{0C8EB8E4-BA53-47A0-886C-192609538EA0}.Release|x64.ActiveCfg = Release|x64
		{0C8EB8E4-BA53-47A0-886C-192609538EA0}.Release|x64.Build.0 = Release|x64
		{0C8EB8E4-BA53-47A0-886C-192609538EA0}.Release|x86.ActiveCfg = Release|Win32
		{0C8EB8E4-BA53-47A0-886C-192609538EA0}.Release|x86.Build.0 = Release|Win32
		{676D4E66-D859-45ED-8449-C37C4D0A86B8}.Debug|x64.ActiveCfg = Debug|x64
		{676D4E66-D859-45ED-8449-C37C4D0A86B8}.Debug|x64.Build.0 = Debug|x64
		{676D4E66-D859-45ED-8449-C37C4D0A86B8}.Debug|x86.ActiveCfg = Debug|Win32
		{676D4E66-D859-45ED-8449-C37C4D0A86B8}.Debug|x86.Build.0 = Debug|Win32
		{676D4E66-D859-45ED-8449-C37C4D0A86B8}.Release|x64.ActiveCfg = Release|x64
		{676D4E66-D859-45ED-8449-C37C4D0A86B8}.Release|x64.Build.0 = Release|x64
		{676D4E66-D859-45ED-8449-C37C4D0A86B8}.Release|x86.ActiveCfg = Release|Win32
		{676D4E66-D859-45ED-8449-C37C4D0A86B8}.Release|x86.Build.0 = Release|Win32
		{B6487241-310E-46F8-BD2A-BE9EEAC79F77}.Debug|x64.ActiveCfg = Debug|x64
		{B6487241-310E-46F8-BD2A-BE9EEAC79F77}.Debug|x64.Build.0 = Debug|x64
		{B6487241-310E-46F8-BD2A-BE9EEAC79F77}.Debug|x86.ActiveCfg = Debug|Win32
		{B6487241-310E-46F8-BD2A-BE9EEAC79F77}.Debug|x86.Build.0 = Debug|Win32
		{B6487241-310E-46F8-BD2A-BE9EEAC79F77}.Release|x64.ActiveCfg = Release|x64
		{B6487241-310E-46F8-BD2A-BE9EEAC79F77}.Release|x64.Build.0 = Release|x64
		{B6487241-310E-46F8-BD2A-BE9EEAC79F77}.Release|x86.ActiveCfg = Release|Win32
		{B6487241-310E-46F8-BD2A-BE9EEAC79F77}.Release|x86.Build.0 = Release|Win32
		{F0B92569-EFD5-4519-96F6-8C491ADB6EAE}.Debug|x64.ActiveCfg = Debug|x64
		{F0B92569-EFD5-4519-96F6-8C491ADB6EAE}.Debug|x64.Build.0 = Debug|x64
		{F0B92569-EFD5-4519-96F6-8C491ADB6EAE}.Debug|x86.ActiveCfg = Debug|Win32
		{F0B92569-EFD5-4519-96F6-8C491ADB6EAE}.Debug|x86.Build.0 = Debug|Win32
		{F0B92569-EFD5-4519-96F6-8C491ADB6EAE}.Release|x64.ActiveCfg = Release|x64
		{F0B92569-EFD5-4519-96F6-8C491ADB6EAE}.Release|x64.Build.0 = Release|x64
		{F0B92569-EFD5-4519-96F6-8C491ADB6EAE}.Release|x86.ActiveCfg = Release|Win32
		{F0B92569-EFD5-4519-96F6-8C491ADB6EAE}.Release|x86.Build.0 = Release|Win32
		{73C1F5D7-B0BD-4F8B-BB68-4B0AB3B68C4A}.Debug|x64.ActiveCfg = Debug|x64
		{73C1F5D7-B0BD-4F8B-BB68-4B0AB3B68C4A}.Debug|x64.Build.0 = Debug|x64
		{73C1F5D7-B0BD-4F8B-BB68-4B0AB3B68C4A}.Debug|x86.ActiveCfg = Debug|Win32
		{73C1F5D7-B0BD-4F8B-BB68-4B0AB3B68C4A}.Debug|x86.Build.0 = Debug|Win32
		{73C1F5D7-B0BD-4F8B-BB68-4B0AB3B68C4A}.Release|x64.ActiveCfg = Release|x64
		{73C1F5D7-B0BD-4F8B-BB68-4B0AB3B68C4A}.Release|x64.Build.0 = Release|x64
		{73C1F5D7-B0BD-4F8B-BB68-4B0AB3B68C4A}.Release|x86.ActiveCfg = Release|Win32
		{73C1F5D7-B0BD-4F8B-BB68-4B0AB3B68C4A}.Release|x86.Build.0 = Release|Win32
		{0895EE9B-2B77-48F1-BA83-0899DB17F752}.Debug|x64.ActiveCfg = Debug|x64
		{0895EE9B-2B77-48F1-BA83-0899DB17F752}.Debug|x64.Build.0 = Debug|x64
		{0895EE9B-2B77-48F1-BA83-0899DB17F752}.Debug|x86.ActiveCfg = Debug|Win32
		{0895EE9B-2B77-48F1-BA83-0899DB17F752}.Debug|x86.Build.0 = Debug|Win32
		{0895EE9B-2B77-48F1-BA83-0899DB17F752}.Release|x64.ActiveCfg = Release|x64
		{0895EE9B-2B77-48F1-BA83-0899DB17F752}.Release|x64.Build.0 = Release|x64
		{0895EE9B-2B77-48F1-BA83-0899DB17F752}.Release|x86.ActiveCfg = Release|Win32
		{0895EE9B-2B77-48F1-BA83-0899DB17F752}.Release|x86.Build.0 = Release|Win32
		{98079FAA-41A2-4A55-8BD1-9ED4DFEE3D52}.Debug|x64.ActiveCfg = Debug|x64
		{98079FAA-41A2-4A55-8BD1-9ED4DFEE3D52}.Debug|x64.Build.0 = Debug|x64
		{98079FAA-41A2-4A55-8BD1-9ED4DFEE3D52}.Debug|x86.ActiveCfg = Debug|Win32
		{98079FAA-41A2-4A55-8BD1-9ED4DFEE3D52}.Debug|x86.Build.0 = Debug|Win32
		{98079FAA-41A2-4A55-8BD1-9ED4DFEE3D52}.Release|x64.ActiveCfg = Release|x64
		{98079FAA-41A2-4A55-8BD1-9ED4DFEE3D52}.Release|x64.Build.0 = Release|x64
		{98079FAA-41A2-4A55-8BD1-9ED4DFEE3D52}.Release|x86.ActiveCfg = Release|Win32
		{98079FAA-41A2-4A55-8BD1-9ED4DFEE3D52}.Release|x86.Build.0 = Release|Win32
		{73E29D28-E0DF-43F6-81A6-96BC18EBE238}.Debug|x64.ActiveCfg = Debug|x64
		{73E29D28-E0DF-43F6-81A6-96BC18EBE238}.Debug|x64.Build.0 = Debug|x64
		{73E29D28-E0DF-43F6-81A6-96BC18EBE238}.Debug|x86.ActiveCfg = Debug|Win32
		{73E29D28-E0DF-43F6-81A6-96BC18EBE238}.Debug|x86.Build.0 = Debug|Win32
		{73E29D28-E0DF-43F6-81A6-96BC18EBE238}.Release|x64.ActiveCfg = Release|x64
		{73E29D28-E0DF-43F6-81A6-96BC18EBE238}.Release|x64.Build.0 = Release|x64
		{73E29D28-E0DF-43F6-81A6-96BC18EBE238}.Release|x86.ActiveCfg = Release|Win32
		{73E29D28-E0DF-43F6-81A6-96BC18EBE238}.Release|x86.Build.0 = Release|Win32
		{1EB63C0F-0714-45B0-ABD1-9D59ABF006FB}.Debug|x64.ActiveCfg = Debug|x64
		{1EB63C0F-0714-45B0-ABD1-9D59ABF006FB}.Debug|x64.Build.0 = Debug|x64
		{1EB63C0F-0714-45B0-ABD1-9D59ABF006FB}.Debug|x86.ActiveCfg = Debug|Win32
		{1EB63C0F-0714-45B0-ABD1-9D59ABF006FB}.Debug|x86.Build.0 = Debug|Win32
		{1EB63C0F-0714-45B0-ABD1-9D59ABF006FB}.Release|x64.ActiveCfg = Release|x64
		{1EB63C0F-0714-45B0-ABD1-9D59ABF006FB}.Release|x64.Build.0 = Release|x64
		{1EB63C0F-0714-45B0-ABD1-9D59ABF006FB}.Release|x86.ActiveCfg = Release|Win32
		{1EB63C0F-0714-45B0-ABD1-9D59ABF006FB}.Release|x86.Build.0 = Release|Win32
	EndGlobalSection
	GlobalSection(SolutionProperties) = preSolution
		HideSolutionNode = FALSE
	EndGlobalSection
	GlobalSection(ExtensibilityGlobals) = postSolution
		SolutionGuid = {A7191466-6E91-4981-9457-C0BFDDD88A2E}
	EndGlobalSection
EndGlobal
