
Microsoft Visual Studio Solution File, Format Version 12.00
# Visual Studio 15
VisualStudioVersion = 15.0.28307.329
MinimumVisualStudioVersion = 10.0.40219.1
Project("{8BC9CEB8-8B4A-11D0-8D11-00A0C91BC942}") = "process_vector", "sort_vector\sort_vector.vcxproj", "{896899F4-AE3F-480C-940E-005FF020239C}"
EndProject
Project("{8BC9CEB8-8B4A-11D0-8D11-00A0C91BC942}") = "process_vector_test", "process_vector_test\process_vector_test.vcxproj", "{B12FA0D3-706D-4C7F-88A5-4989E5AB15DD}"
EndProject
Global
	GlobalSection(SolutionConfigurationPlatforms) = preSolution
		Debug|x64 = Debug|x64
		Debug|x86 = Debug|x86
		Release|x64 = Release|x64
		Release|x86 = Release|x86
	EndGlobalSection
	GlobalSection(ProjectConfigurationPlatforms) = postSolution
		{896899F4-AE3F-480C-940E-005FF020239C}.Debug|x64.ActiveCfg = Debug|x64
		{896899F4-AE3F-480C-940E-005FF020239C}.Debug|x64.Build.0 = Debug|x64
		{896899F4-AE3F-480C-940E-005FF020239C}.Debug|x86.ActiveCfg = Debug|Win32
		{896899F4-AE3F-480C-940E-005FF020239C}.Debug|x86.Build.0 = Debug|Win32
		{896899F4-AE3F-480C-940E-005FF020239C}.Release|x64.ActiveCfg = Release|x64
		{896899F4-AE3F-480C-940E-005FF020239C}.Release|x64.Build.0 = Release|x64
		{896899F4-AE3F-480C-940E-005FF020239C}.Release|x86.ActiveCfg = Release|Win32
		{896899F4-AE3F-480C-940E-005FF020239C}.Release|x86.Build.0 = Release|Win32
		{B12FA0D3-706D-4C7F-88A5-4989E5AB15DD}.Debug|x64.ActiveCfg = Debug|x64
		{B12FA0D3-706D-4C7F-88A5-4989E5AB15DD}.Debug|x64.Build.0 = Debug|x64
		{B12FA0D3-706D-4C7F-88A5-4989E5AB15DD}.Debug|x86.ActiveCfg = Debug|Win32
		{B12FA0D3-706D-4C7F-88A5-4989E5AB15DD}.Debug|x86.Build.0 = Debug|Win32
		{B12FA0D3-706D-4C7F-88A5-4989E5AB15DD}.Release|x64.ActiveCfg = Release|x64
		{B12FA0D3-706D-4C7F-88A5-4989E5AB15DD}.Release|x64.Build.0 = Release|x64
		{B12FA0D3-706D-4C7F-88A5-4989E5AB15DD}.Release|x86.ActiveCfg = Release|Win32
		{B12FA0D3-706D-4C7F-88A5-4989E5AB15DD}.Release|x86.Build.0 = Release|Win32
	EndGlobalSection
	GlobalSection(SolutionProperties) = preSolution
		HideSolutionNode = FALSE
	EndGlobalSection
	GlobalSection(ExtensibilityGlobals) = postSolution
		SolutionGuid = {F0E44F42-B5F7-4130-A39E-0F10D4409BD2}
	EndGlobalSection
EndGlobal
