
Microsoft Visual Studio Solution File, Format Version 12.00
# Visual Studio 15
VisualStudioVersion = 15.0.28307.329
MinimumVisualStudioVersion = 10.0.40219.1
Project("{8BC9CEB8-8B4A-11D0-8D11-00A0C91BC942}") = "find_max", "find_max\find_max.vcxproj", "{7E52A57B-8731-46D3-942F-F39D74A33D44}"
EndProject
Project("{8BC9CEB8-8B4A-11D0-8D11-00A0C91BC942}") = "find_max_test", "find_max_test\find_max_test.vcxproj", "{B65CC5CE-900C-4FDA-A76D-359D9B56A476}"
EndProject
Project("{8BC9CEB8-8B4A-11D0-8D11-00A0C91BC942}") = "my_list", "my_list\my_list.vcxproj", "{E91021B1-5607-42C4-B713-97F22CE7967D}"
EndProject
Project("{8BC9CEB8-8B4A-11D0-8D11-00A0C91BC942}") = "my_list_test", "my_list_test\my_list_test.vcxproj", "{B4D93588-43B2-4474-99F3-70BEF0510E75}"
EndProject
Global
	GlobalSection(SolutionConfigurationPlatforms) = preSolution
		Debug|x64 = Debug|x64
		Debug|x86 = Debug|x86
		Release|x64 = Release|x64
		Release|x86 = Release|x86
	EndGlobalSection
	GlobalSection(ProjectConfigurationPlatforms) = postSolution
		{7E52A57B-8731-46D3-942F-F39D74A33D44}.Debug|x64.ActiveCfg = Debug|x64
		{7E52A57B-8731-46D3-942F-F39D74A33D44}.Debug|x64.Build.0 = Debug|x64
		{7E52A57B-8731-46D3-942F-F39D74A33D44}.Debug|x86.ActiveCfg = Debug|Win32
		{7E52A57B-8731-46D3-942F-F39D74A33D44}.Debug|x86.Build.0 = Debug|Win32
		{7E52A57B-8731-46D3-942F-F39D74A33D44}.Release|x64.ActiveCfg = Release|x64
		{7E52A57B-8731-46D3-942F-F39D74A33D44}.Release|x64.Build.0 = Release|x64
		{7E52A57B-8731-46D3-942F-F39D74A33D44}.Release|x86.ActiveCfg = Release|Win32
		{7E52A57B-8731-46D3-942F-F39D74A33D44}.Release|x86.Build.0 = Release|Win32
		{B65CC5CE-900C-4FDA-A76D-359D9B56A476}.Debug|x64.ActiveCfg = Debug|x64
		{B65CC5CE-900C-4FDA-A76D-359D9B56A476}.Debug|x64.Build.0 = Debug|x64
		{B65CC5CE-900C-4FDA-A76D-359D9B56A476}.Debug|x86.ActiveCfg = Debug|Win32
		{B65CC5CE-900C-4FDA-A76D-359D9B56A476}.Debug|x86.Build.0 = Debug|Win32
		{B65CC5CE-900C-4FDA-A76D-359D9B56A476}.Release|x64.ActiveCfg = Release|x64
		{B65CC5CE-900C-4FDA-A76D-359D9B56A476}.Release|x64.Build.0 = Release|x64
		{B65CC5CE-900C-4FDA-A76D-359D9B56A476}.Release|x86.ActiveCfg = Release|Win32
		{B65CC5CE-900C-4FDA-A76D-359D9B56A476}.Release|x86.Build.0 = Release|Win32
		{E91021B1-5607-42C4-B713-97F22CE7967D}.Debug|x64.ActiveCfg = Debug|x64
		{E91021B1-5607-42C4-B713-97F22CE7967D}.Debug|x64.Build.0 = Debug|x64
		{E91021B1-5607-42C4-B713-97F22CE7967D}.Debug|x86.ActiveCfg = Debug|Win32
		{E91021B1-5607-42C4-B713-97F22CE7967D}.Debug|x86.Build.0 = Debug|Win32
		{E91021B1-5607-42C4-B713-97F22CE7967D}.Release|x64.ActiveCfg = Release|x64
		{E91021B1-5607-42C4-B713-97F22CE7967D}.Release|x64.Build.0 = Release|x64
		{E91021B1-5607-42C4-B713-97F22CE7967D}.Release|x86.ActiveCfg = Release|Win32
		{E91021B1-5607-42C4-B713-97F22CE7967D}.Release|x86.Build.0 = Release|Win32
		{B4D93588-43B2-4474-99F3-70BEF0510E75}.Debug|x64.ActiveCfg = Debug|x64
		{B4D93588-43B2-4474-99F3-70BEF0510E75}.Debug|x64.Build.0 = Debug|x64
		{B4D93588-43B2-4474-99F3-70BEF0510E75}.Debug|x86.ActiveCfg = Debug|Win32
		{B4D93588-43B2-4474-99F3-70BEF0510E75}.Debug|x86.Build.0 = Debug|Win32
		{B4D93588-43B2-4474-99F3-70BEF0510E75}.Release|x64.ActiveCfg = Release|x64
		{B4D93588-43B2-4474-99F3-70BEF0510E75}.Release|x64.Build.0 = Release|x64
		{B4D93588-43B2-4474-99F3-70BEF0510E75}.Release|x86.ActiveCfg = Release|Win32
		{B4D93588-43B2-4474-99F3-70BEF0510E75}.Release|x86.Build.0 = Release|Win32
	EndGlobalSection
	GlobalSection(SolutionProperties) = preSolution
		HideSolutionNode = FALSE
	EndGlobalSection
	GlobalSection(ExtensibilityGlobals) = postSolution
		SolutionGuid = {F1CAE6A3-F058-4155-BC1A-DBFFD190C473}
	EndGlobalSection
EndGlobal
