<?xml version="1.0" encoding="utf-8"?>
<Project ToolsVersion="4.0" xmlns="http://schemas.microsoft.com/developer/msbuild/2003">
  <ItemGroup>
    <Filter Include="Source Files">
      <UniqueIdentifier>{4FC737F1-C7A5-4376-A066-2A32D752A2FF}</UniqueIdentifier>
      <Extensions>cpp;c;cc;cxx;def;odl;idl;hpj;bat;asm;asmx</Extensions>
    </Filter>
    <Filter Include="Header Files">
      <UniqueIdentifier>{93995380-89BD-4b04-88EB-625FBE52EBFB}</UniqueIdentifier>
      <Extensions>h;hh;hpp;hxx;hm;inl;inc;ipp;xsd</Extensions>
    </Filter>
    <Filter Include="Resource Files">
      <UniqueIdentifier>{67DA6AB6-F800-4c08-8B7A-83BB121AAD01}</UniqueIdentifier>
      <Extensions>rc;ico;cur;bmp;dlg;rc2;rct;bin;rgs;gif;jpg;jpeg;jpe;resx;tiff;tif;png;wav;mfcribbon-ms</Extensions>
    </Filter>
    <Filter Include="Source Files\test">
      <UniqueIdentifier>{91b5ce4e-d577-489b-85b7-20349d320bc4}</UniqueIdentifier>
    </Filter>
    <Filter Include="Source Files\test\output">
      <UniqueIdentifier>{4765d4a1-fea1-4660-9d54-85495a5f8776}</UniqueIdentifier>
    </Filter>
  </ItemGroup>
  <ItemGroup>
    <ClInclude Include="pch.h">
      <Filter>Header Files</Filter>
    </ClInclude>
  </ItemGroup>
  <ItemGroup>
    <ClCompile Include="pch.cpp">
      <Filter>Source Files</Filter>
    </ClCompile>
    <ClCompile Include="life.cpp">
      <Filter>Source Files</Filter>
    </ClCompile>
  </ItemGroup>
  <ItemGroup>
    <None Include="test.bat">
      <Filter>Source Files</Filter>
    </None>
  </ItemGroup>
  <ItemGroup>
    <Text Include="lite.txt">
      <Filter>Source Files\test</Filter>
    </Text>
    <Text Include="empty.txt">
      <Filter>Source Files\test</Filter>
    </Text>
    <Text Include="incorrect_chars.txt">
      <Filter>Source Files\test</Filter>
    </Text>
    <Text Include="invalid_top_border.txt">
      <Filter>Source Files\test</Filter>
    </Text>
    <Text Include="invalid_bottom_border.txt">
      <Filter>Source Files\test</Filter>
    </Text>
    <Text Include="invalid_left_border.txt">
      <Filter>Source Files\test</Filter>
    </Text>
    <Text Include="invalid_right_border.txt">
      <Filter>Source Files\test</Filter>
    </Text>
    <Text Include="too_small_life.txt">
      <Filter>Source Files\test</Filter>
    </Text>
    <Text Include="too_big_life.txt">
      <Filter>Source Files\test</Filter>
    </Text>
    <Text Include="min_size_life.txt">
      <Filter>Source Files\test</Filter>
    </Text>
    <Text Include="min_size_life_out.txt">
      <Filter>Source Files\test\output</Filter>
    </Text>
    <Text Include="max_size_life_out.txt">
      <Filter>Source Files\test\output</Filter>
    </Text>
    <Text Include="max_size_life.txt">
      <Filter>Source Files\test</Filter>
    </Text>
  </ItemGroup>
</Project>